
Microsoft Visual Studio Solution File, Format Version 12.00
# Visual Studio Version 17
VisualStudioVersion = 17.3.32929.385
MinimumVisualStudioVersion = 10.0.40219.1
Project("{FAE04EC0-301F-11D3-BF4B-00C04F79EFBC}") = "RentalAndSaleOfApartments", "RentalAndSaleOfApartments\RentalAndSaleOfApartments.csproj", "{A5E289DC-33E2-467A-8A0A-B10A224CA793}"
EndProject
Global
	GlobalSection(SolutionConfigurationPlatforms) = preSolution
		Debug|Any CPU = Debug|Any CPU
		Release|Any CPU = Release|Any CPU
	EndGlobalSection
	GlobalSection(ProjectConfigurationPlatforms) = postSolution
		{A5E289DC-33E2-467A-8A0A-B10A224CA793}.Debug|Any CPU.ActiveCfg = Debug|Any CPU
		{A5E289DC-33E2-467A-8A0A-B10A224CA793}.Debug|Any CPU.Build.0 = Debug|Any CPU
		{A5E289DC-33E2-467A-8A0A-B10A224CA793}.Release|Any CPU.ActiveCfg = Release|Any CPU
		{A5E289DC-33E2-467A-8A0A-B10A224CA793}.Release|Any CPU.Build.0 = Release|Any CPU
	EndGlobalSection
	GlobalSection(SolutionProperties) = preSolution
		HideSolutionNode = FALSE
	EndGlobalSection
	GlobalSection(ExtensibilityGlobals) = postSolution
		SolutionGuid = {729C8FE3-93C4-4D5C-AAFE-ADE9313AB9C1}
	EndGlobalSection
EndGlobal
